{
  "requires": true,
  "lockfileVersion": 1,
  "dependencies": {
    "quill-image-uploader": {
      "version": "1.2.2",
      "resolved": "https://registry.npmjs.org/quill-image-uploader/-/quill-image-uploader-1.2.2.tgz",
      "integrity": "sha512-23jM2SVJC2W4hCXre4PX1hy4Lk3fBNVIognvHoyKTLl0AjQOiCSnsoIoUSnS2+9+wxvZIk6ET/cMVvtwpERa6g=="
    }
  }
}
